// !$*UTF8*$!
{
	archiveVersion = 1;
	classes = {
	};
	objectVersion = 56;
	objects = {

/* Begin PBXBuildFile section */
		4A0AC4D92C88A54B00D03474 /* LearningView.swift in Sources */ = {isa = PBXBuildFile; fileRef = 4A0AC4D82C88A54B00D03474 /* LearningView.swift */; };
		4A1D3C792C85D03200769FC5 /* Leaderboard.swift in Sources */ = {isa = PBXBuildFile; fileRef = 4A1D3C782C85D03200769FC5 /* Leaderboard.swift */; };
		4A1D3C7B2C85D0AA00769FC5 /* Player.swift in Sources */ = {isa = PBXBuildFile; fileRef = 4A1D3C7A2C85D0AA00769FC5 /* Player.swift */; };
		4A1D3C7D2C85D31100769FC5 /* StartScreen.swift in Sources */ = {isa = PBXBuildFile; fileRef = 4A1D3C7C2C85D31100769FC5 /* StartScreen.swift */; };
		4A1D3C7F2C85FB9800769FC5 /* acronyms.json in Resources */ = {isa = PBXBuildFile; fileRef = 4A1D3C7E2C85FB9800769FC5 /* acronyms.json */; };
		4A1D3C812C860D5C00769FC5 /* Acronym.swift in Sources */ = {isa = PBXBuildFile; fileRef = 4A1D3C802C860D5C00769FC5 /* Acronym.swift */; };
		4AF590AC2C7DD45B00E4BDC7 /* RealAcronymApp.swift in Sources */ = {isa = PBXBuildFile; fileRef = 4AF590AB2C7DD45B00E4BDC7 /* RealAcronymApp.swift */; };
		4AF590AE2C7DD45B00E4BDC7 /* ContentView.swift in Sources */ = {isa = PBXBuildFile; fileRef = 4AF590AD2C7DD45B00E4BDC7 /* ContentView.swift */; };
		4AF590B02C7DD45C00E4BDC7 /* Assets.xcassets in Resources */ = {isa = PBXBuildFile; fileRef = 4AF590AF2C7DD45C00E4BDC7 /* Assets.xcassets */; };
		4AF590B32C7DD45C00E4BDC7 /* Preview Assets.xcassets in Resources */ = {isa = PBXBuildFile; fileRef = 4AF590B22C7DD45C00E4BDC7 /* Preview Assets.xcassets */; };
		4AF590BA2C7DD4EF00E4BDC7 /* Card.swift in Sources */ = {isa = PBXBuildFile; fileRef = 4AF590B92C7DD4EF00E4BDC7 /* Card.swift */; };
		4AF590BC2C7DD96A00E4BDC7 /* ViewModel.swift in Sources */ = {isa = PBXBuildFile; fileRef = 4AF590BB2C7DD96A00E4BDC7 /* ViewModel.swift */; };
		4AF590BE2C7E16A600E4BDC7 /* GuessButton.swift in Sources */ = {isa = PBXBuildFile; fileRef = 4AF590BD2C7E16A600E4BDC7 /* GuessButton.swift */; };
		4AF590C02C7E170100E4BDC7 /* EndScreen.swift in Sources */ = {isa = PBXBuildFile; fileRef = 4AF590BF2C7E170100E4BDC7 /* EndScreen.swift */; };
		4AF590C22C7E18A700E4BDC7 /* Extensions.swift in Sources */ = {isa = PBXBuildFile; fileRef = 4AF590C12C7E18A700E4BDC7 /* Extensions.swift */; };
/* End PBXBuildFile section */

/* Begin PBXFileReference section */
		4A0AC4D82C88A54B00D03474 /* LearningView.swift */ = {isa = PBXFileReference; lastKnownFileType = sourcecode.swift; path = LearningView.swift; sourceTree = "<group>"; };
		4A1D3C782C85D03200769FC5 /* Leaderboard.swift */ = {isa = PBXFileReference; lastKnownFileType = sourcecode.swift; path = Leaderboard.swift; sourceTree = "<group>"; };
		4A1D3C7A2C85D0AA00769FC5 /* Player.swift */ = {isa = PBXFileReference; lastKnownFileType = sourcecode.swift; path = Player.swift; sourceTree = "<group>"; };
		4A1D3C7C2C85D31100769FC5 /* StartScreen.swift */ = {isa = PBXFileReference; lastKnownFileType = sourcecode.swift; path = StartScreen.swift; sourceTree = "<group>"; };
		4A1D3C7E2C85FB9800769FC5 /* acronyms.json */ = {isa = PBXFileReference; fileEncoding = 4; lastKnownFileType = text.json; path = acronyms.json; sourceTree = "<group>"; };
		4A1D3C802C860D5C00769FC5 /* Acronym.swift */ = {isa = PBXFileReference; lastKnownFileType = sourcecode.swift; path = Acronym.swift; sourceTree = "<group>"; };
		4AF590A82C7DD45B00E4BDC7 /* RealAcronym.app */ = {isa = PBXFileReference; explicitFileType = wrapper.application; includeInIndex = 0; path = RealAcronym.app; sourceTree = BUILT_PRODUCTS_DIR; };
		4AF590AB2C7DD45B00E4BDC7 /* RealAcronymApp.swift */ = {isa = PBXFileReference; lastKnownFileType = sourcecode.swift; path = RealAcronymApp.swift; sourceTree = "<group>"; };
		4AF590AD2C7DD45B00E4BDC7 /* ContentView.swift */ = {isa = PBXFileReference; lastKnownFileType = sourcecode.swift; path = ContentView.swift; sourceTree = "<group>"; };
		4AF590AF2C7DD45C00E4BDC7 /* Assets.xcassets */ = {isa = PBXFileReference; lastKnownFileType = folder.assetcatalog; path = Assets.xcassets; sourceTree = "<group>"; };
		4AF590B22C7DD45C00E4BDC7 /* Preview Assets.xcassets */ = {isa = PBXFileReference; lastKnownFileType = folder.assetcatalog; path = "Preview Assets.xcassets"; sourceTree = "<group>"; };
		4AF590B92C7DD4EF00E4BDC7 /* Card.swift */ = {isa = PBXFileReference; lastKnownFileType = sourcecode.swift; path = Card.swift; sourceTree = "<group>"; };
		4AF590BB2C7DD96A00E4BDC7 /* ViewModel.swift */ = {isa = PBXFileReference; lastKnownFileType = sourcecode.swift; path = ViewModel.swift; sourceTree = "<group>"; };
		4AF590BD2C7E16A600E4BDC7 /* GuessButton.swift */ = {isa = PBXFileReference; lastKnownFileType = sourcecode.swift; path = GuessButton.swift; sourceTree = "<group>"; };
		4AF590BF2C7E170100E4BDC7 /* EndScreen.swift */ = {isa = PBXFileReference; lastKnownFileType = sourcecode.swift; path = EndScreen.swift; sourceTree = "<group>"; };
		4AF590C12C7E18A700E4BDC7 /* Extensions.swift */ = {isa = PBXFileReference; lastKnownFileType = sourcecode.swift; path = Extensions.swift; sourceTree = "<group>"; };
/* End PBXFileReference section */

/* Begin PBXFrameworksBuildPhase section */
		4AF590A52C7DD45B00E4BDC7 /* Frameworks */ = {
			isa = PBXFrameworksBuildPhase;
			buildActionMask = 2147483647;
			files = (
			);
			runOnlyForDeploymentPostprocessing = 0;
		};
/* End PBXFrameworksBuildPhase section */

/* Begin PBXGroup section */
		4AF5909F2C7DD45B00E4BDC7 = {
			isa = PBXGroup;
			children = (
				4AF590AA2C7DD45B00E4BDC7 /* RealAcronym */,
				4AF590A92C7DD45B00E4BDC7 /* Products */,
			);
			sourceTree = "<group>";
		};
		4AF590A92C7DD45B00E4BDC7 /* Products */ = {
			isa = PBXGroup;
			children = (
				4AF590A82C7DD45B00E4BDC7 /* RealAcronym.app */,
			);
			name = Products;
			sourceTree = "<group>";
		};
		4AF590AA2C7DD45B00E4BDC7 /* RealAcronym */ = {
			isa = PBXGroup;
			children = (
				4AF590AB2C7DD45B00E4BDC7 /* RealAcronymApp.swift */,
				4AF590AD2C7DD45B00E4BDC7 /* ContentView.swift */,
				4AF590BB2C7DD96A00E4BDC7 /* ViewModel.swift */,
				4AF590B92C7DD4EF00E4BDC7 /* Card.swift */,
				4A1D3C7A2C85D0AA00769FC5 /* Player.swift */,
				4AF590BD2C7E16A600E4BDC7 /* GuessButton.swift */,
				4A1D3C7C2C85D31100769FC5 /* StartScreen.swift */,
				4AF590BF2C7E170100E4BDC7 /* EndScreen.swift */,
				4A1D3C782C85D03200769FC5 /* Leaderboard.swift */,
				4A0AC4D82C88A54B00D03474 /* LearningView.swift */,
				4AF590C12C7E18A700E4BDC7 /* Extensions.swift */,
				4A1D3C802C860D5C00769FC5 /* Acronym.swift */,
				4A1D3C7E2C85FB9800769FC5 /* acronyms.json */,
				4AF590AF2C7DD45C00E4BDC7 /* Assets.xcassets */,
				4AF590B12C7DD45C00E4BDC7 /* Preview Content */,
			);
			path = RealAcronym;
			sourceTree = "<group>";
		};
		4AF590B12C7DD45C00E4BDC7 /* Preview Content */ = {
			isa = PBXGroup;
			children = (
				4AF590B22C7DD45C00E4BDC7 /* Preview Assets.xcassets */,
			);
			path = "Preview Content";
			sourceTree = "<group>";
		};
/* End PBXGroup section */

/* Begin PBXNativeTarget section */
		4AF590A72C7DD45B00E4BDC7 /* RealAcronym */ = {
			isa = PBXNativeTarget;
			buildConfigurationList = 4AF590B62C7DD45C00E4BDC7 /* Build configuration list for PBXNativeTarget "RealAcronym" */;
			buildPhases = (
				4AF590A42C7DD45B00E4BDC7 /* Sources */,
				4AF590A52C7DD45B00E4BDC7 /* Frameworks */,
				4AF590A62C7DD45B00E4BDC7 /* Resources */,
			);
			buildRules = (
			);
			dependencies = (
			);
			name = RealAcronym;
			productName = RealAcronym;
			productReference = 4AF590A82C7DD45B00E4BDC7 /* RealAcronym.app */;
			productType = "com.apple.product-type.application";
		};
/* End PBXNativeTarget section */

/* Begin PBXProject section */
		4AF590A02C7DD45B00E4BDC7 /* Project object */ = {
			isa = PBXProject;
			attributes = {
				BuildIndependentTargetsInParallel = 1;
				LastSwiftUpdateCheck = 1540;
				LastUpgradeCheck = 1540;
				TargetAttributes = {
					4AF590A72C7DD45B00E4BDC7 = {
						CreatedOnToolsVersion = 15.4;
					};
				};
			};
			buildConfigurationList = 4AF590A32C7DD45B00E4BDC7 /* Build configuration list for PBXProject "RealAcronym" */;
			compatibilityVersion = "Xcode 14.0";
			developmentRegion = en;
			hasScannedForEncodings = 0;
			knownRegions = (
				en,
				Base,
			);
			mainGroup = 4AF5909F2C7DD45B00E4BDC7;
			productRefGroup = 4AF590A92C7DD45B00E4BDC7 /* Products */;
			projectDirPath = "";
			projectRoot = "";
			targets = (
				4AF590A72C7DD45B00E4BDC7 /* RealAcronym */,
			);
		};
/* End PBXProject section */

/* Begin PBXResourcesBuildPhase section */
		4AF590A62C7DD45B00E4BDC7 /* Resources */ = {
			isa = PBXResourcesBuildPhase;
			buildActionMask = 2147483647;
			files = (
				4A1D3C7F2C85FB9800769FC5 /* acronyms.json in Resources */,
				4AF590B32C7DD45C00E4BDC7 /* Preview Assets.xcassets in Resources */,
				4AF590B02C7DD45C00E4BDC7 /* Assets.xcassets in Resources */,
			);
			runOnlyForDeploymentPostprocessing = 0;
		};
/* End PBXResourcesBuildPhase section */

/* Begin PBXSourcesBuildPhase section */
		4AF590A42C7DD45B00E4BDC7 /* Sources */ = {
			isa = PBXSourcesBuildPhase;
			buildActionMask = 2147483647;
			files = (
				4AF590AE2C7DD45B00E4BDC7 /* ContentView.swift in Sources */,
				4A1D3C792C85D03200769FC5 /* Leaderboard.swift in Sources */,
				4A1D3C812C860D5C00769FC5 /* Acronym.swift in Sources */,
				4A1D3C7D2C85D31100769FC5 /* StartScreen.swift in Sources */,
				4AF590C02C7E170100E4BDC7 /* EndScreen.swift in Sources */,
				4AF590BE2C7E16A600E4BDC7 /* GuessButton.swift in Sources */,
				4AF590BA2C7DD4EF00E4BDC7 /* Card.swift in Sources */,
				4AF590BC2C7DD96A00E4BDC7 /* ViewModel.swift in Sources */,
				4A0AC4D92C88A54B00D03474 /* LearningView.swift in Sources */,
				4AF590AC2C7DD45B00E4BDC7 /* RealAcronymApp.swift in Sources */,
				4A1D3C7B2C85D0AA00769FC5 /* Player.swift in Sources */,
				4AF590C22C7E18A700E4BDC7 /* Extensions.swift in Sources */,
			);
			runOnlyForDeploymentPostprocessing = 0;
		};
/* End PBXSourcesBuildPhase section */

/* Begin XCBuildConfiguration section */
		4AF590B42C7DD45C00E4BDC7 /* Debug */ = {
			isa = XCBuildConfiguration;
			buildSettings = {
				ALWAYS_SEARCH_USER_PATHS = NO;
				ASSETCATALOG_COMPILER_GENERATE_SWIFT_ASSET_SYMBOL_EXTENSIONS = YES;
				CLANG_ANALYZER_NONNULL = YES;
				CLANG_ANALYZER_NUMBER_OBJECT_CONVERSION = YES_AGGRESSIVE;
				CLANG_CXX_LANGUAGE_STANDARD = "gnu++20";
				CLANG_ENABLE_MODULES = YES;
				CLANG_ENABLE_OBJC_ARC = YES;
				CLANG_ENABLE_OBJC_WEAK = YES;
				CLANG_WARN_BLOCK_CAPTURE_AUTORELEASING = YES;
				CLANG_WARN_BOOL_CONVERSION = YES;
				CLANG_WARN_COMMA = YES;
				CLANG_WARN_CONSTANT_CONVERSION = YES;
				CLANG_WARN_DEPRECATED_OBJC_IMPLEMENTATIONS = YES;
				CLANG_WARN_DIRECT_OBJC_ISA_USAGE = YES_ERROR;
				CLANG_WARN_DOCUMENTATION_COMMENTS = YES;
				CLANG_WARN_EMPTY_BODY = YES;
				CLANG_WARN_ENUM_CONVERSION = YES;
				CLANG_WARN_INFINITE_RECURSION = YES;
				CLANG_WARN_INT_CONVERSION = YES;
				CLANG_WARN_NON_LITERAL_NULL_CONVERSION = YES;
				CLANG_WARN_OBJC_IMPLICIT_RETAIN_SELF = YES;
				CLANG_WARN_OBJC_LITERAL_CONVERSION = YES;
				CLANG_WARN_OBJC_ROOT_CLASS = YES_ERROR;
				CLANG_WARN_QUOTED_INCLUDE_IN_FRAMEWORK_HEADER = YES;
				CLANG_WARN_RANGE_LOOP_ANALYSIS = YES;
				CLANG_WARN_STRICT_PROTOTYPES = YES;
				CLANG_WARN_SUSPICIOUS_MOVE = YES;
				CLANG_WARN_UNGUARDED_AVAILABILITY = YES_AGGRESSIVE;
				CLANG_WARN_UNREACHABLE_CODE = YES;
				CLANG_WARN__DUPLICATE_METHOD_MATCH = YES;
				COPY_PHASE_STRIP = NO;
				DEBUG_INFORMATION_FORMAT = dwarf;
				ENABLE_STRICT_OBJC_MSGSEND = YES;
				ENABLE_TESTABILITY = YES;
				ENABLE_USER_SCRIPT_SANDBOXING = YES;
				GCC_C_LANGUAGE_STANDARD = gnu17;
				GCC_DYNAMIC_NO_PIC = NO;
				GCC_NO_COMMON_BLOCKS = YES;
				GCC_OPTIMIZATION_LEVEL = 0;
				GCC_PREPROCESSOR_DEFINITIONS = (
					"DEBUG=1",
					"$(inherited)",
				);
				GCC_WARN_64_TO_32_BIT_CONVERSION = YES;
				GCC_WARN_ABOUT_RETURN_TYPE = YES_ERROR;
				GCC_WARN_UNDECLARED_SELECTOR = YES;
				GCC_WARN_UNINITIALIZED_AUTOS = YES_AGGRESSIVE;
				GCC_WARN_UNUSED_FUNCTION = YES;
				GCC_WARN_UNUSED_VARIABLE = YES;
				IPHONEOS_DEPLOYMENT_TARGET = 17.5;
				LOCALIZATION_PREFERS_STRING_CATALOGS = YES;
				MTL_ENABLE_DEBUG_INFO = INCLUDE_SOURCE;
				MTL_FAST_MATH = YES;
				ONLY_ACTIVE_ARCH = YES;
				SDKROOT = iphoneos;
				SWIFT_ACTIVE_COMPILATION_CONDITIONS = "DEBUG $(inherited)";
				SWIFT_OPTIMIZATION_LEVEL = "-Onone";
			};
			name = Debug;
		};
		4AF590B52C7DD45C00E4BDC7 /* Release */ = {
			isa = XCBuildConfiguration;
			buildSettings = {
				ALWAYS_SEARCH_USER_PATHS = NO;
				ASSETCATALOG_COMPILER_GENERATE_SWIFT_ASSET_SYMBOL_EXTENSIONS = YES;
				CLANG_ANALYZER_NONNULL = YES;
				CLANG_ANALYZER_NUMBER_OBJECT_CONVERSION = YES_AGGRESSIVE;
				CLANG_CXX_LANGUAGE_STANDARD = "gnu++20";
				CLANG_ENABLE_MODULES = YES;
				CLANG_ENABLE_OBJC_ARC = YES;
				CLANG_ENABLE_OBJC_WEAK = YES;
				CLANG_WARN_BLOCK_CAPTURE_AUTORELEASING = YES;
				CLANG_WARN_BOOL_CONVERSION = YES;
				CLANG_WARN_COMMA = YES;
				CLANG_WARN_CONSTANT_CONVERSION = YES;
				CLANG_WARN_DEPRECATED_OBJC_IMPLEMENTATIONS = YES;
				CLANG_WARN_DIRECT_OBJC_ISA_USAGE = YES_ERROR;
				CLANG_WARN_DOCUMENTATION_COMMENTS = YES;
				CLANG_WARN_EMPTY_BODY = YES;
				CLANG_WARN_ENUM_CONVERSION = YES;
				CLANG_WARN_INFINITE_RECURSION = YES;
				CLANG_WARN_INT_CONVERSION = YES;
				CLANG_WARN_NON_LITERAL_NULL_CONVERSION = YES;
				CLANG_WARN_OBJC_IMPLICIT_RETAIN_SELF = YES;
				CLANG_WARN_OBJC_LITERAL_CONVERSION = YES;
				CLANG_WARN_OBJC_ROOT_CLASS = YES_ERROR;
				CLANG_WARN_QUOTED_INCLUDE_IN_FRAMEWORK_HEADER = YES;
				CLANG_WARN_RANGE_LOOP_ANALYSIS = YES;
				CLANG_WARN_STRICT_PROTOTYPES = YES;
				CLANG_WARN_SUSPICIOUS_MOVE = YES;
				CLANG_WARN_UNGUARDED_AVAILABILITY = YES_AGGRESSIVE;
				CLANG_WARN_UNREACHABLE_CODE = YES;
				CLANG_WARN__DUPLICATE_METHOD_MATCH = YES;
				COPY_PHASE_STRIP = NO;
				DEBUG_INFORMATION_FORMAT = "dwarf-with-dsym";
				ENABLE_NS_ASSERTIONS = NO;
				ENABLE_STRICT_OBJC_MSGSEND = YES;
				ENABLE_USER_SCRIPT_SANDBOXING = YES;
				GCC_C_LANGUAGE_STANDARD = gnu17;
				GCC_NO_COMMON_BLOCKS = YES;
				GCC_WARN_64_TO_32_BIT_CONVERSION = YES;
				GCC_WARN_ABOUT_RETURN_TYPE = YES_ERROR;
				GCC_WARN_UNDECLARED_SELECTOR = YES;
				GCC_WARN_UNINITIALIZED_AUTOS = YES_AGGRESSIVE;
				GCC_WARN_UNUSED_FUNCTION = YES;
				GCC_WARN_UNUSED_VARIABLE = YES;
				IPHONEOS_DEPLOYMENT_TARGET = 17.5;
				LOCALIZATION_PREFERS_STRING_CATALOGS = YES;
				MTL_ENABLE_DEBUG_INFO = NO;
				MTL_FAST_MATH = YES;
				SDKROOT = iphoneos;
				SWIFT_COMPILATION_MODE = wholemodule;
				VALIDATE_PRODUCT = YES;
			};
			name = Release;
		};
		4AF590B72C7DD45C00E4BDC7 /* Debug */ = {
			isa = XCBuildConfiguration;
			buildSettings = {
				ASSETCATALOG_COMPILER_APPICON_NAME = AppIcon;
				ASSETCATALOG_COMPILER_GLOBAL_ACCENT_COLOR_NAME = AccentColor;
				CODE_SIGN_STYLE = Automatic;
				CURRENT_PROJECT_VERSION = 1;
				DEVELOPMENT_ASSET_PATHS = "\"RealAcronym/Preview Content\"";
				DEVELOPMENT_TEAM = X5X97N55VM;
				ENABLE_PREVIEWS = YES;
				GENERATE_INFOPLIST_FILE = YES;
				INFOPLIST_KEY_UIApplicationSceneManifest_Generation = YES;
				INFOPLIST_KEY_UIApplicationSupportsIndirectInputEvents = YES;
				INFOPLIST_KEY_UILaunchScreen_Generation = YES;
				INFOPLIST_KEY_UISupportedInterfaceOrientations_iPad = "UIInterfaceOrientationPortrait UIInterfaceOrientationPortraitUpsideDown UIInterfaceOrientationLandscapeLeft UIInterfaceOrientationLandscapeRight";
				INFOPLIST_KEY_UISupportedInterfaceOrientations_iPhone = "UIInterfaceOrientationPortrait UIInterfaceOrientationLandscapeLeft UIInterfaceOrientationLandscapeRight";
				LD_RUNPATH_SEARCH_PATHS = (
					"$(inherited)",
					"@executable_path/Frameworks",
				);
				MARKETING_VERSION = 1.0;
				PRODUCT_BUNDLE_IDENTIFIER = name.shirin.RealAcronym;
				PRODUCT_NAME = "$(TARGET_NAME)";
				SWIFT_EMIT_LOC_STRINGS = YES;
				SWIFT_VERSION = 5.0;
				TARGETED_DEVICE_FAMILY = "1,2";
			};
			name = Debug;
		};
		4AF590B82C7DD45C00E4BDC7 /* Release */ = {
			isa = XCBuildConfiguration;
			buildSettings = {
				ASSETCATALOG_COMPILER_APPICON_NAME = AppIcon;
				ASSETCATALOG_COMPILER_GLOBAL_ACCENT_COLOR_NAME = AccentColor;
				CODE_SIGN_STYLE = Automatic;
				CURRENT_PROJECT_VERSION = 1;
				DEVELOPMENT_ASSET_PATHS = "\"RealAcronym/Preview Content\"";
				DEVELOPMENT_TEAM = X5X97N55VM;
				ENABLE_PREVIEWS = YES;
				GENERATE_INFOPLIST_FILE = YES;
				INFOPLIST_KEY_UIApplicationSceneManifest_Generation = YES;
				INFOPLIST_KEY_UIApplicationSupportsIndirectInputEvents = YES;
				INFOPLIST_KEY_UILaunchScreen_Generation = YES;
				INFOPLIST_KEY_UISupportedInterfaceOrientations_iPad = "UIInterfaceOrientationPortrait UIInterfaceOrientationPortraitUpsideDown UIInterfaceOrientationLandscapeLeft UIInterfaceOrientationLandscapeRight";
				INFOPLIST_KEY_UISupportedInterfaceOrientations_iPhone = "UIInterfaceOrientationPortrait UIInterfaceOrientationLandscapeLeft UIInterfaceOrientationLandscapeRight";
				LD_RUNPATH_SEARCH_PATHS = (
					"$(inherited)",
					"@executable_path/Frameworks",
				);
				MARKETING_VERSION = 1.0;
				PRODUCT_BUNDLE_IDENTIFIER = name.shirin.RealAcronym;
				PRODUCT_NAME = "$(TARGET_NAME)";
				SWIFT_EMIT_LOC_STRINGS = YES;
				SWIFT_VERSION = 5.0;
				TARGETED_DEVICE_FAMILY = "1,2";
			};
			name = Release;
		};
/* End XCBuildConfiguration section */

/* Begin XCConfigurationList section */
		4AF590A32C7DD45B00E4BDC7 /* Build configuration list for PBXProject "RealAcronym" */ = {
			isa = XCConfigurationList;
			buildConfigurations = (
				4AF590B42C7DD45C00E4BDC7 /* Debug */,
				4AF590B52C7DD45C00E4BDC7 /* Release */,
			);
			defaultConfigurationIsVisible = 0;
			defaultConfigurationName = Release;
		};
		4AF590B62C7DD45C00E4BDC7 /* Build configuration list for PBXNativeTarget "RealAcronym" */ = {
			isa = XCConfigurationList;
			buildConfigurations = (
				4AF590B72C7DD45C00E4BDC7 /* Debug */,
				4AF590B82C7DD45C00E4BDC7 /* Release */,
			);
			defaultConfigurationIsVisible = 0;
			defaultConfigurationName = Release;
		};
/* End XCConfigurationList section */
	};
	rootObject = 4AF590A02C7DD45B00E4BDC7 /* Project object */;
}
